
Microsoft Visual Studio Solution File, Format Version 12.00
# Visual Studio Version 17
VisualStudioVersion = 17.6.33712.159
MinimumVisualStudioVersion = 10.0.40219.1
Project("{9A19103F-16F7-4668-BE54-9A1E7A4F7556}") = "TeamUpAPI", "TeamUpAPI\TeamUpAPI.csproj", "{2FFBDAFF-2D48-4707-9376-F0D44A2256B2}"
EndProject
Project("{2150E333-8FDC-42A3-9474-1A3956D46DE8}") = "Solution Items", "Solution Items", "{4687E036-C25C-467F-BB90-2C62554438E9}"
	ProjectSection(SolutionItems) = preProject
		.editorconfig = .editorconfig
	EndProjectSection
EndProject
Project("{FAE04EC0-301F-11D3-BF4B-00C04F79EFBC}") = "TeamUpAPITest", "TeamUpAPITest\TeamUpAPITest.csproj", "{A199714E-EF43-4A1C-8A33-CBB452912C15}"
EndProject
Global
	GlobalSection(SolutionConfigurationPlatforms) = preSolution
		Debug|Any CPU = Debug|Any CPU
		Release|Any CPU = Release|Any CPU
	EndGlobalSection
	GlobalSection(ProjectConfigurationPlatforms) = postSolution
		{2FFBDAFF-2D48-4707-9376-F0D44A2256B2}.Debug|Any CPU.ActiveCfg = Debug|Any CPU
		{2FFBDAFF-2D48-4707-9376-F0D44A2256B2}.Debug|Any CPU.Build.0 = Debug|Any CPU
		{2FFBDAFF-2D48-4707-9376-F0D44A2256B2}.Release|Any CPU.ActiveCfg = Release|Any CPU
		{2FFBDAFF-2D48-4707-9376-F0D44A2256B2}.Release|Any CPU.Build.0 = Release|Any CPU
		{A199714E-EF43-4A1C-8A33-CBB452912C15}.Debug|Any CPU.ActiveCfg = Debug|Any CPU
		{A199714E-EF43-4A1C-8A33-CBB452912C15}.Debug|Any CPU.Build.0 = Debug|Any CPU
		{A199714E-EF43-4A1C-8A33-CBB452912C15}.Release|Any CPU.ActiveCfg = Release|Any CPU
		{A199714E-EF43-4A1C-8A33-CBB452912C15}.Release|Any CPU.Build.0 = Release|Any CPU
	EndGlobalSection
	GlobalSection(SolutionProperties) = preSolution
		HideSolutionNode = FALSE
	EndGlobalSection
	GlobalSection(ExtensibilityGlobals) = postSolution
		SolutionGuid = {E76DAE60-E96A-4DE3-8336-30D06AB69C4B}
	EndGlobalSection
EndGlobal
